// !$*UTF8*$!
{
	archiveVersion = 1;
	classes = {
	};
	objectVersion = 46;
	objects = {

/* Begin PBXBuildFile section */
		A38718781A36710400C9C055 /* cartoonIphone.png in Resources */ = {isa = PBXBuildFile; fileRef = A38718771A36710400C9C055 /* cartoonIphone.png */; };
		A38718831A36799F00C9C055 /* Main.storyboard in Resources */ = {isa = PBXBuildFile; fileRef = A38718821A36799F00C9C055 /* Main.storyboard */; };
		A3B7FE321A2D708000667E74 /* AppDelegate.swift in Sources */ = {isa = PBXBuildFile; fileRef = A3B7FE311A2D708000667E74 /* AppDelegate.swift */; };
		A3B7FE341A2D708000667E74 /* ViewController.swift in Sources */ = {isa = PBXBuildFile; fileRef = A3B7FE331A2D708000667E74 /* ViewController.swift */; };
		A3B7FE391A2D708000667E74 /* Images.xcassets in Resources */ = {isa = PBXBuildFile; fileRef = A3B7FE381A2D708000667E74 /* Images.xcassets */; };
		A3B7FE3C1A2D708000667E74 /* LaunchScreen.xib in Resources */ = {isa = PBXBuildFile; fileRef = A3B7FE3A1A2D708000667E74 /* LaunchScreen.xib */; };
		A3B7FE481A2D708000667E74 /* Guess_the_FingersTests.swift in Sources */ = {isa = PBXBuildFile; fileRef = A3B7FE471A2D708000667E74 /* Guess_the_FingersTests.swift */; };
		A3B7FE521A2D715800667E74 /* Green Hand-128x128.png in Resources */ = {isa = PBXBuildFile; fileRef = A3B7FE511A2D715800667E74 /* Green Hand-128x128.png */; };
		A3FB98211A3A526000F98906 /* computerViewController.swift in Sources */ = {isa = PBXBuildFile; fileRef = A3FB98201A3A526000F98906 /* computerViewController.swift */; };
/* End PBXBuildFile section */

/* Begin PBXContainerItemProxy section */
		A3B7FE421A2D708000667E74 /* PBXContainerItemProxy */ = {
			isa = PBXContainerItemProxy;
			containerPortal = A3B7FE241A2D707F00667E74 /* Project object */;
			proxyType = 1;
			remoteGlobalIDString = A3B7FE2B1A2D708000667E74;
			remoteInfo = "Guess the Fingers";
		};
/* End PBXContainerItemProxy section */

/* Begin PBXFileReference section */
		A38718771A36710400C9C055 /* cartoonIphone.png */ = {isa = PBXFileReference; lastKnownFileType = image.png; path = cartoonIphone.png; sourceTree = "<group>"; };
		A38718821A36799F00C9C055 /* Main.storyboard */ = {isa = PBXFileReference; fileEncoding = 4; lastKnownFileType = file.storyboard; path = Main.storyboard; sourceTree = "<group>"; };
		A3B7FE2C1A2D708000667E74 /* Guess the Fingers.app */ = {isa = PBXFileReference; explicitFileType = wrapper.application; includeInIndex = 0; path = "Guess the Fingers.app"; sourceTree = BUILT_PRODUCTS_DIR; };
		A3B7FE301A2D708000667E74 /* Info.plist */ = {isa = PBXFileReference; lastKnownFileType = text.plist.xml; path = Info.plist; sourceTree = "<group>"; };
		A3B7FE311A2D708000667E74 /* AppDelegate.swift */ = {isa = PBXFileReference; lastKnownFileType = sourcecode.swift; path = AppDelegate.swift; sourceTree = "<group>"; };
		A3B7FE331A2D708000667E74 /* ViewController.swift */ = {isa = PBXFileReference; lastKnownFileType = sourcecode.swift; path = ViewController.swift; sourceTree = "<group>"; };
		A3B7FE381A2D708000667E74 /* Images.xcassets */ = {isa = PBXFileReference; lastKnownFileType = folder.assetcatalog; path = Images.xcassets; sourceTree = "<group>"; };
		A3B7FE3B1A2D708000667E74 /* Base */ = {isa = PBXFileReference; lastKnownFileType = file.xib; name = Base; path = Base.lproj/LaunchScreen.xib; sourceTree = "<group>"; };
		A3B7FE411A2D708000667E74 /* Guess the FingersTests.xctest */ = {isa = PBXFileReference; explicitFileType = wrapper.cfbundle; includeInIndex = 0; path = "Guess the FingersTests.xctest"; sourceTree = BUILT_PRODUCTS_DIR; };
		A3B7FE461A2D708000667E74 /* Info.plist */ = {isa = PBXFileReference; lastKnownFileType = text.plist.xml; path = Info.plist; sourceTree = "<group>"; };
		A3B7FE471A2D708000667E74 /* Guess_the_FingersTests.swift */ = {isa = PBXFileReference; lastKnownFileType = sourcecode.swift; path = Guess_the_FingersTests.swift; sourceTree = "<group>"; };
		A3B7FE511A2D715800667E74 /* Green Hand-128x128.png */ = {isa = PBXFileReference; lastKnownFileType = image.png; path = "Green Hand-128x128.png"; sourceTree = "<group>"; };
		A3FB98201A3A526000F98906 /* computerViewController.swift */ = {isa = PBXFileReference; fileEncoding = 4; lastKnownFileType = sourcecode.swift; path = computerViewController.swift; sourceTree = "<group>"; };
		A3FB98221A3A52B900F98906 /* Guess the Fingers-Bridging-Header.h */ = {isa = PBXFileReference; lastKnownFileType = sourcecode.c.h; path = "Guess the Fingers-Bridging-Header.h"; sourceTree = "<group>"; };
/* End PBXFileReference section */

/* Begin PBXFrameworksBuildPhase section */
		A3B7FE291A2D708000667E74 /* Frameworks */ = {
			isa = PBXFrameworksBuildPhase;
			buildActionMask = 2147483647;
			files = (
			);
			runOnlyForDeploymentPostprocessing = 0;
		};
		A3B7FE3E1A2D708000667E74 /* Frameworks */ = {
			isa = PBXFrameworksBuildPhase;
			buildActionMask = 2147483647;
			files = (
			);
			runOnlyForDeploymentPostprocessing = 0;
		};
/* End PBXFrameworksBuildPhase section */

/* Begin PBXGroup section */
		A3B7FE231A2D707F00667E74 = {
			isa = PBXGroup;
			children = (
				A3B7FE2E1A2D708000667E74 /* Guess the Fingers */,
				A3B7FE441A2D708000667E74 /* Guess the FingersTests */,
				A3B7FE2D1A2D708000667E74 /* Products */,
			);
			sourceTree = "<group>";
		};
		A3B7FE2D1A2D708000667E74 /* Products */ = {
			isa = PBXGroup;
			children = (
				A3B7FE2C1A2D708000667E74 /* Guess the Fingers.app */,
				A3B7FE411A2D708000667E74 /* Guess the FingersTests.xctest */,
			);
			name = Products;
			sourceTree = "<group>";
		};
		A3B7FE2E1A2D708000667E74 /* Guess the Fingers */ = {
			isa = PBXGroup;
			children = (
				A3B7FE311A2D708000667E74 /* AppDelegate.swift */,
				A3B7FE331A2D708000667E74 /* ViewController.swift */,
				A3FB98201A3A526000F98906 /* computerViewController.swift */,
				A3B7FE381A2D708000667E74 /* Images.xcassets */,
				A38718821A36799F00C9C055 /* Main.storyboard */,
				A3B7FE3A1A2D708000667E74 /* LaunchScreen.xib */,
				A3FB98221A3A52B900F98906 /* Guess the Fingers-Bridging-Header.h */,
				A3B7FE2F1A2D708000667E74 /* Supporting Files */,
			);
			path = "Guess the Fingers";
			sourceTree = "<group>";
		};
		A3B7FE2F1A2D708000667E74 /* Supporting Files */ = {
			isa = PBXGroup;
			children = (
				A38718771A36710400C9C055 /* cartoonIphone.png */,
				A3B7FE511A2D715800667E74 /* Green Hand-128x128.png */,
				A3B7FE301A2D708000667E74 /* Info.plist */,
			);
			name = "Supporting Files";
			sourceTree = "<group>";
		};
		A3B7FE441A2D708000667E74 /* Guess the FingersTests */ = {
			isa = PBXGroup;
			children = (
				A3B7FE471A2D708000667E74 /* Guess_the_FingersTests.swift */,
				A3B7FE451A2D708000667E74 /* Supporting Files */,
			);
			path = "Guess the FingersTests";
			sourceTree = "<group>";
		};
		A3B7FE451A2D708000667E74 /* Supporting Files */ = {
			isa = PBXGroup;
			children = (
				A3B7FE461A2D708000667E74 /* Info.plist */,
			);
			name = "Supporting Files";
			sourceTree = "<group>";
		};
/* End PBXGroup section */

/* Begin PBXNativeTarget section */
		A3B7FE2B1A2D708000667E74 /* Guess the Fingers */ = {
			isa = PBXNativeTarget;
			buildConfigurationList = A3B7FE4B1A2D708000667E74 /* Build configuration list for PBXNativeTarget "Guess the Fingers" */;
			buildPhases = (
				A3B7FE281A2D708000667E74 /* Sources */,
				A3B7FE291A2D708000667E74 /* Frameworks */,
				A3B7FE2A1A2D708000667E74 /* Resources */,
			);
			buildRules = (
			);
			dependencies = (
			);
			name = "Guess the Fingers";
			productName = "Guess the Fingers";
			productReference = A3B7FE2C1A2D708000667E74 /* Guess the Fingers.app */;
			productType = "com.apple.product-type.application";
		};
		A3B7FE401A2D708000667E74 /* Guess the FingersTests */ = {
			isa = PBXNativeTarget;
			buildConfigurationList = A3B7FE4E1A2D708000667E74 /* Build configuration list for PBXNativeTarget "Guess the FingersTests" */;
			buildPhases = (
				A3B7FE3D1A2D708000667E74 /* Sources */,
				A3B7FE3E1A2D708000667E74 /* Frameworks */,
				A3B7FE3F1A2D708000667E74 /* Resources */,
			);
			buildRules = (
			);
			dependencies = (
				A3B7FE431A2D708000667E74 /* PBXTargetDependency */,
			);
			name = "Guess the FingersTests";
			productName = "Guess the FingersTests";
			productReference = A3B7FE411A2D708000667E74 /* Guess the FingersTests.xctest */;
			productType = "com.apple.product-type.bundle.unit-test";
		};
/* End PBXNativeTarget section */

/* Begin PBXProject section */
		A3B7FE241A2D707F00667E74 /* Project object */ = {
			isa = PBXProject;
			attributes = {
				LastUpgradeCheck = 0610;
				ORGANIZATIONNAME = "Luke de Castro";
				TargetAttributes = {
					A3B7FE2B1A2D708000667E74 = {
						CreatedOnToolsVersion = 6.1;
					};
					A3B7FE401A2D708000667E74 = {
						CreatedOnToolsVersion = 6.1;
						TestTargetID = A3B7FE2B1A2D708000667E74;
					};
				};
			};
			buildConfigurationList = A3B7FE271A2D707F00667E74 /* Build configuration list for PBXProject "Guess the Fingers" */;
			compatibilityVersion = "Xcode 3.2";
			developmentRegion = English;
			hasScannedForEncodings = 0;
			knownRegions = (
				en,
				Base,
			);
			mainGroup = A3B7FE231A2D707F00667E74;
			productRefGroup = A3B7FE2D1A2D708000667E74 /* Products */;
			projectDirPath = "";
			projectRoot = "";
			targets = (
				A3B7FE2B1A2D708000667E74 /* Guess the Fingers */,
				A3B7FE401A2D708000667E74 /* Guess the FingersTests */,
			);
		};
/* End PBXProject section */

/* Begin PBXResourcesBuildPhase section */
		A3B7FE2A1A2D708000667E74 /* Resources */ = {
			isa = PBXResourcesBuildPhase;
			buildActionMask = 2147483647;
			files = (
				A3B7FE521A2D715800667E74 /* Green Hand-128x128.png in Resources */,
				A38718831A36799F00C9C055 /* Main.storyboard in Resources */,
				A3B7FE3C1A2D708000667E74 /* LaunchScreen.xib in Resources */,
				A3B7FE391A2D708000667E74 /* Images.xcassets in Resources */,
				A38718781A36710400C9C055 /* cartoonIphone.png in Resources */,
			);
			runOnlyForDeploymentPostprocessing = 0;
		};
		A3B7FE3F1A2D708000667E74 /* Resources */ = {
			isa = PBXResourcesBuildPhase;
			buildActionMask = 2147483647;
			files = (
			);
			runOnlyForDeploymentPostprocessing = 0;
		};
/* End PBXResourcesBuildPhase section */

/* Begin PBXSourcesBuildPhase section */
		A3B7FE281A2D708000667E74 /* Sources */ = {
			isa = PBXSourcesBuildPhase;
			buildActionMask = 2147483647;
			files = (
				A3B7FE341A2D708000667E74 /* ViewController.swift in Sources */,
				A3FB98211A3A526000F98906 /* computerViewController.swift in Sources */,
				A3B7FE321A2D708000667E74 /* AppDelegate.swift in Sources */,
			);
			runOnlyForDeploymentPostprocessing = 0;
		};
		A3B7FE3D1A2D708000667E74 /* Sources */ = {
			isa = PBXSourcesBuildPhase;
			buildActionMask = 2147483647;
			files = (
				A3B7FE481A2D708000667E74 /* Guess_the_FingersTests.swift in Sources */,
			);
			runOnlyForDeploymentPostprocessing = 0;
		};
/* End PBXSourcesBuildPhase section */

/* Begin PBXTargetDependency section */
		A3B7FE431A2D708000667E74 /* PBXTargetDependency */ = {
			isa = PBXTargetDependency;
			target = A3B7FE2B1A2D708000667E74 /* Guess the Fingers */;
			targetProxy = A3B7FE421A2D708000667E74 /* PBXContainerItemProxy */;
		};
/* End PBXTargetDependency section */

/* Begin PBXVariantGroup section */
		A3B7FE3A1A2D708000667E74 /* LaunchScreen.xib */ = {
			isa = PBXVariantGroup;
			children = (
				A3B7FE3B1A2D708000667E74 /* Base */,
			);
			name = LaunchScreen.xib;
			sourceTree = "<group>";
		};
/* End PBXVariantGroup section */

/* Begin XCBuildConfiguration section */
		A3B7FE491A2D708000667E74 /* Debug */ = {
			isa = XCBuildConfiguration;
			buildSettings = {
				ALWAYS_SEARCH_USER_PATHS = NO;
				CLANG_CXX_LANGUAGE_STANDARD = "gnu++0x";
				CLANG_CXX_LIBRARY = "libc++";
				CLANG_ENABLE_MODULES = YES;
				CLANG_ENABLE_OBJC_ARC = YES;
				CLANG_WARN_BOOL_CONVERSION = YES;
				CLANG_WARN_CONSTANT_CONVERSION = YES;
				CLANG_WARN_DIRECT_OBJC_ISA_USAGE = YES_ERROR;
				CLANG_WARN_EMPTY_BODY = YES;
				CLANG_WARN_ENUM_CONVERSION = YES;
				CLANG_WARN_INT_CONVERSION = YES;
				CLANG_WARN_OBJC_ROOT_CLASS = YES_ERROR;
				CLANG_WARN_UNREACHABLE_CODE = YES;
				CLANG_WARN__DUPLICATE_METHOD_MATCH = YES;
				"CODE_SIGN_IDENTITY[sdk=iphoneos*]" = "iPhone Developer";
				COPY_PHASE_STRIP = NO;
				ENABLE_STRICT_OBJC_MSGSEND = YES;
				GCC_C_LANGUAGE_STANDARD = gnu99;
				GCC_DYNAMIC_NO_PIC = NO;
				GCC_OPTIMIZATION_LEVEL = 0;
				GCC_PREPROCESSOR_DEFINITIONS = (
					"DEBUG=1",
					"$(inherited)",
				);
				GCC_SYMBOLS_PRIVATE_EXTERN = NO;
				GCC_WARN_64_TO_32_BIT_CONVERSION = YES;
				GCC_WARN_ABOUT_RETURN_TYPE = YES_ERROR;
				GCC_WARN_UNDECLARED_SELECTOR = YES;
				GCC_WARN_UNINITIALIZED_AUTOS = YES_AGGRESSIVE;
				GCC_WARN_UNUSED_FUNCTION = YES;
				GCC_WARN_UNUSED_VARIABLE = YES;
				IPHONEOS_DEPLOYMENT_TARGET = 8.1;
				MTL_ENABLE_DEBUG_INFO = YES;
				ONLY_ACTIVE_ARCH = YES;
				SDKROOT = iphoneos;
				SWIFT_OPTIMIZATION_LEVEL = "-Onone";
			};
			name = Debug;
		};
		A3B7FE4A1A2D708000667E74 /* Release */ = {
			isa = XCBuildConfiguration;
			buildSettings = {
				ALWAYS_SEARCH_USER_PATHS = NO;
				CLANG_CXX_LANGUAGE_STANDARD = "gnu++0x";
				CLANG_CXX_LIBRARY = "libc++";
				CLANG_ENABLE_MODULES = YES;
				CLANG_ENABLE_OBJC_ARC = YES;
				CLANG_WARN_BOOL_CONVERSION = YES;
				CLANG_WARN_CONSTANT_CONVERSION = YES;
				CLANG_WARN_DIRECT_OBJC_ISA_USAGE = YES_ERROR;
				CLANG_WARN_EMPTY_BODY = YES;
				CLANG_WARN_ENUM_CONVERSION = YES;
				CLANG_WARN_INT_CONVERSION = YES;
				CLANG_WARN_OBJC_ROOT_CLASS = YES_ERROR;
				CLANG_WARN_UNREACHABLE_CODE = YES;
				CLANG_WARN__DUPLICATE_METHOD_MATCH = YES;
				"CODE_SIGN_IDENTITY[sdk=iphoneos*]" = "iPhone Developer";
				COPY_PHASE_STRIP = YES;
				ENABLE_NS_ASSERTIONS = NO;
				ENABLE_STRICT_OBJC_MSGSEND = YES;
				GCC_C_LANGUAGE_STANDARD = gnu99;
				GCC_WARN_64_TO_32_BIT_CONVERSION = YES;
				GCC_WARN_ABOUT_RETURN_TYPE = YES_ERROR;
				GCC_WARN_UNDECLARED_SELECTOR = YES;
				GCC_WARN_UNINITIALIZED_AUTOS = YES_AGGRESSIVE;
				GCC_WARN_UNUSED_FUNCTION = YES;
				GCC_WARN_UNUSED_VARIABLE = YES;
				IPHONEOS_DEPLOYMENT_TARGET = 8.1;
				MTL_ENABLE_DEBUG_INFO = NO;
				SDKROOT = iphoneos;
				VALIDATE_PRODUCT = YES;
			};
			name = Release;
		};
		A3B7FE4C1A2D708000667E74 /* Debug */ = {
			isa = XCBuildConfiguration;
			buildSettings = {
				ASSETCATALOG_COMPILER_APPICON_NAME = AppIcon;
				CLANG_ENABLE_MODULES = YES;
				INFOPLIST_FILE = "Guess the Fingers/Info.plist";
				LD_RUNPATH_SEARCH_PATHS = "$(inherited) @executable_path/Frameworks";
				PRODUCT_NAME = "$(TARGET_NAME)";
				SWIFT_OBJC_BRIDGING_HEADER = "Guess the Fingers/Guess the Fingers-Bridging-Header.h";
				SWIFT_OPTIMIZATION_LEVEL = "-Onone";
			};
			name = Debug;
		};
		A3B7FE4D1A2D708000667E74 /* Release */ = {
			isa = XCBuildConfiguration;
			buildSettings = {
				ASSETCATALOG_COMPILER_APPICON_NAME = AppIcon;
				CLANG_ENABLE_MODULES = YES;
				INFOPLIST_FILE = "Guess the Fingers/Info.plist";
				LD_RUNPATH_SEARCH_PATHS = "$(inherited) @executable_path/Frameworks";
				PRODUCT_NAME = "$(TARGET_NAME)";
				SWIFT_OBJC_BRIDGING_HEADER = "Guess the Fingers/Guess the Fingers-Bridging-Header.h";
			};
			name = Release;
		};
		A3B7FE4F1A2D708000667E74 /* Debug */ = {
			isa = XCBuildConfiguration;
			buildSettings = {
				BUNDLE_LOADER = "$(TEST_HOST)";
				FRAMEWORK_SEARCH_PATHS = (
					"$(SDKROOT)/Developer/Library/Frameworks",
					"$(inherited)",
				);
				GCC_PREPROCESSOR_DEFINITIONS = (
					"DEBUG=1",
					"$(inherited)",
				);
				INFOPLIST_FILE = "Guess the FingersTests/Info.plist";
				LD_RUNPATH_SEARCH_PATHS = "$(inherited) @executable_path/Frameworks @loader_path/Frameworks";
				PRODUCT_NAME = "$(TARGET_NAME)";
				TEST_HOST = "$(BUILT_PRODUCTS_DIR)/Guess the Fingers.app/Guess the Fingers";
			};
			name = Debug;
		};
		A3B7FE501A2D708000667E74 /* Release */ = {
			isa = XCBuildConfiguration;
			buildSettings = {
				BUNDLE_LOADER = "$(TEST_HOST)";
				FRAMEWORK_SEARCH_PATHS = (
					"$(SDKROOT)/Developer/Library/Frameworks",
					"$(inherited)",
				);
				INFOPLIST_FILE = "Guess the FingersTests/Info.plist";
				LD_RUNPATH_SEARCH_PATHS = "$(inherited) @executable_path/Frameworks @loader_path/Frameworks";
				PRODUCT_NAME = "$(TARGET_NAME)";
				TEST_HOST = "$(BUILT_PRODUCTS_DIR)/Guess the Fingers.app/Guess the Fingers";
			};
			name = Release;
		};
/* End XCBuildConfiguration section */

/* Begin XCConfigurationList section */
		A3B7FE271A2D707F00667E74 /* Build configuration list for PBXProject "Guess the Fingers" */ = {
			isa = XCConfigurationList;
			buildConfigurations = (
				A3B7FE491A2D708000667E74 /* Debug */,
				A3B7FE4A1A2D708000667E74 /* Release */,
			);
			defaultConfigurationIsVisible = 0;
			defaultConfigurationName = Release;
		};
		A3B7FE4B1A2D708000667E74 /* Build configuration list for PBXNativeTarget "Guess the Fingers" */ = {
			isa = XCConfigurationList;
			buildConfigurations = (
				A3B7FE4C1A2D708000667E74 /* Debug */,
				A3B7FE4D1A2D708000667E74 /* Release */,
			);
			defaultConfigurationIsVisible = 0;
			defaultConfigurationName = Release;
		};
		A3B7FE4E1A2D708000667E74 /* Build configuration list for PBXNativeTarget "Guess the FingersTests" */ = {
			isa = XCConfigurationList;
			buildConfigurations = (
				A3B7FE4F1A2D708000667E74 /* Debug */,
				A3B7FE501A2D708000667E74 /* Release */,
			);
			defaultConfigurationIsVisible = 0;
			defaultConfigurationName = Release;
		};
/* End XCConfigurationList section */
	};
	rootObject = A3B7FE241A2D707F00667E74 /* Project object */;
}
